# Auto-generated by skill-sync.sh — DO NOT EDIT
# To update: skill-sync.sh --update
# To diff:   skill-sync.sh --diff
registry: "https://github.com/devopseng99/claude-skills.git"
synced_at: "2026-05-08T02:37:53Z"
default_version: "v3.4.0"
skills:
  devto-collect:
    version: "v3.4.0"
    commit: "5508f8bf"
    integrity: "sha256:1ca9d1d9db036f56"
  devto-dedup-db:
    version: "v3.4.0"
    commit: "5508f8bf"
    integrity: "sha256:379a0b4c4f572d07"

